
Microsoft Visual Studio Solution File, Format Version 12.00
# Visual Studio Version 16
VisualStudioVersion = 16.0.810.4
MinimumVisualStudioVersion = 10.0.40219.1
Project("{FAE04EC0-301F-11D3-BF4B-00C04F79EFBC}") = "mf", "mf\mf.csproj", "{16D3DB6C-4045-48EE-B190-9AD251857B2B}"
EndProject
Project("{FAE04EC0-301F-11D3-BF4B-00C04F79EFBC}") = "mf.Tests", "mf.Tests\mf.Tests.csproj", "{50406CD1-AAB3-4F36-B09C-D3F38797749E}"
EndProject
Global
	GlobalSection(SolutionConfigurationPlatforms) = preSolution
		Debug|Any CPU = Debug|Any CPU
		Release|Any CPU = Release|Any CPU
	EndGlobalSection
	GlobalSection(ProjectConfigurationPlatforms) = postSolution
		{16D3DB6C-4045-48EE-B190-9AD251857B2B}.Debug|Any CPU.ActiveCfg = Debug|Any CPU
		{16D3DB6C-4045-48EE-B190-9AD251857B2B}.Debug|Any CPU.Build.0 = Debug|Any CPU
		{16D3DB6C-4045-48EE-B190-9AD251857B2B}.Release|Any CPU.ActiveCfg = Release|Any CPU
		{16D3DB6C-4045-48EE-B190-9AD251857B2B}.Release|Any CPU.Build.0 = Release|Any CPU
		{50406CD1-AAB3-4F36-B09C-D3F38797749E}.Debug|Any CPU.ActiveCfg = Debug|Any CPU
		{50406CD1-AAB3-4F36-B09C-D3F38797749E}.Debug|Any CPU.Build.0 = Debug|Any CPU
		{50406CD1-AAB3-4F36-B09C-D3F38797749E}.Release|Any CPU.ActiveCfg = Release|Any CPU
		{50406CD1-AAB3-4F36-B09C-D3F38797749E}.Release|Any CPU.Build.0 = Release|Any CPU
	EndGlobalSection
	GlobalSection(SolutionProperties) = preSolution
		HideSolutionNode = FALSE
	EndGlobalSection
	GlobalSection(ExtensibilityGlobals) = postSolution
		SolutionGuid = {05037ED2-A821-483B-89F6-854341BF3364}
	EndGlobalSection
EndGlobal
